
Microsoft Visual Studio Solution File, Format Version 12.00
# Visual Studio Version 17
VisualStudioVersion = 17.5.002.0
MinimumVisualStudioVersion = 10.0.40219.1
Project("{9A19103F-16F7-4668-BE54-9A1E7A4F7556}") = "CPSC1012-assignment-4", "assignment-4\CPSC1012-assignment-4.csproj", "{DDD9A791-9BA8-44E4-B10A-78CCBB54A15C}"
EndProject
Global
	GlobalSection(SolutionConfigurationPlatforms) = preSolution
		Debug|Any CPU = Debug|Any CPU
		Release|Any CPU = Release|Any CPU
	EndGlobalSection
	GlobalSection(ProjectConfigurationPlatforms) = postSolution
		{DDD9A791-9BA8-44E4-B10A-78CCBB54A15C}.Debug|Any CPU.ActiveCfg = Debug|Any CPU
		{DDD9A791-9BA8-44E4-B10A-78CCBB54A15C}.Debug|Any CPU.Build.0 = Debug|Any CPU
		{DDD9A791-9BA8-44E4-B10A-78CCBB54A15C}.Release|Any CPU.ActiveCfg = Release|Any CPU
		{DDD9A791-9BA8-44E4-B10A-78CCBB54A15C}.Release|Any CPU.Build.0 = Release|Any CPU
	EndGlobalSection
	GlobalSection(SolutionProperties) = preSolution
		HideSolutionNode = FALSE
	EndGlobalSection
	GlobalSection(ExtensibilityGlobals) = postSolution
		SolutionGuid = {1A512530-D698-4ED7-AADD-CB67E772FEB3}
	EndGlobalSection
EndGlobal
